{
  "R": {
    "Version": "3.6.1",
    "Repositories": [
      {
        "Name": "CRAN",
        "URL": "https://cran.rstudio.com"
      }
    ]
  },
  "Packages": {
    "DT": {
      "Package": "DT",
      "Version": "0.18",
      "Source": "CRAN",
      "Repository": "CRAN",
      "RemoteType": "standard",
      "RemotePkgRef": "DT",
      "RemoteRef": "DT",
      "RemoteRepos": "https://packagemanager.rstudio.com/all/latest",
      "RemotePkgPlatform": "windows",
      "RemoteSha": "0.18",
      "Hash": "a7d6660c869d4f41f856504828af4645"
    },
    "R6": {
      "Package": "R6",
      "Version": "2.5.1",
      "Source": "Repository",
      "Repository": "CRAN",
      "Hash": "470851b6d5d0ac559e9d01bb352b4021"
    },
    "RApiSerialize": {
      "Package": "RApiSerialize",
      "Version": "0.1.0",
      "Source": "CRAN",
      "Repository": "CRAN",
      "RemoteType": "standard",
      "RemotePkgRef": "RApiSerialize",
      "RemoteRef": "RApiSerialize",
      "RemoteRepos": "https://packagemanager.rstudio.com/all/latest",
      "RemotePkgPlatform": "windows",
      "RemoteSha": "0.1.0",
      "Hash": "c5a68b4db79cfe8502878b3ed2b59853"
    },
    "Rcpp": {
      "Package": "Rcpp",
      "Version": "1.0.7",
      "Source": "CRAN",
      "Repository": "CRAN",
      "RemoteType": "standard",
      "RemotePkgRef": "Rcpp",
      "RemoteRef": "Rcpp",
      "RemoteRepos": "https://packagemanager.rstudio.com/all/latest",
      "RemotePkgPlatform": "windows",
      "RemoteSha": "1.0.7",
      "Hash": "dab19adae4440ae55aa8a9d238b246bb"
    },
    "RcppParallel": {
      "Package": "RcppParallel",
      "Version": "5.1.4",
      "Source": "CRAN",
      "Repository": "CRAN",
      "RemoteType": "standard",
      "RemotePkgRef": "RcppParallel",
      "RemoteRef": "RcppParallel",
      "RemoteRepos": "https://cloud.r-project.org",
      "RemotePkgPlatform": "source",
      "RemoteSha": "5.1.4",
      "Hash": "0325b5be38a02d192828027983c7b470"
    },
    "askpass": {
      "Package": "askpass",
      "Version": "1.1",
      "Source": "CRAN",
      "Repository": "CRAN",
      "RemoteType": "standard",
      "RemotePkgRef": "askpass",
      "RemoteRef": "askpass",
      "RemoteRepos": "https://packagemanager.rstudio.com/all/latest",
      "RemotePkgPlatform": "windows",
      "RemoteSha": "1.1",
      "Hash": "e8a22846fff485f0be3770c2da758713"
    },
    "assertthat": {
      "Package": "assertthat",
      "Version": "0.2.1",
      "Source": "CRAN",
      "Repository": "CRAN",
      "RemoteType": "standard",
      "RemotePkgRef": "assertthat",
      "RemoteRef": "assertthat",
      "RemoteRepos": "https://packagemanager.rstudio.com/all/latest",
      "RemotePkgPlatform": "windows",
      "RemoteSha": "0.2.1",
      "Hash": "50c838a310445e954bc13f26f26a6ecf"
    },
    "backports": {
      "Package": "backports",
      "Version": "1.2.1",
      "Source": "CRAN",
      "Repository": "CRAN",
      "RemoteType": "standard",
      "RemotePkgRef": "backports",
      "RemoteRef": "backports",
      "RemoteRepos": "https://packagemanager.rstudio.com/all/latest",
      "RemotePkgPlatform": "windows",
      "RemoteSha": "1.2.1",
      "Hash": "644043219fc24e190c2f620c1a380a69"
    },
    "base64enc": {
      "Package": "base64enc",
      "Version": "0.1-3",
      "Source": "CRAN",
      "Repository": "CRAN",
      "RemoteType": "standard",
      "RemotePkgRef": "base64enc",
      "RemoteRef": "base64enc",
      "RemoteRepos": "https://packagemanager.rstudio.com/all/latest",
      "RemotePkgPlatform": "windows",
      "RemoteSha": "0.1-3",
      "Hash": "543776ae6848fde2f48ff3816d0628bc"
    },
    "bs4Dash": {
      "Package": "bs4Dash",
      "Version": "2.0.0",
      "Source": "CRAN",
      "Repository": "CRAN",
      "RemoteType": "standard",
      "RemotePkgRef": "bs4Dash",
      "RemoteRef": "bs4Dash",
      "RemoteRepos": "https://packagemanager.rstudio.com/all/latest",
      "RemotePkgPlatform": "windows",
      "RemoteSha": "2.0.0",
      "Hash": "744dab3e36615797880e4ebc0ee9643d"
    },
    "bslib": {
      "Package": "bslib",
      "Version": "0.2.5.1",
      "Source": "CRAN",
      "Repository": "CRAN",
      "RemoteType": "standard",
      "RemotePkgRef": "bslib",
      "RemoteRef": "bslib",
      "RemoteRepos": "https://packagemanager.rstudio.com/all/latest",
      "RemotePkgPlatform": "windows",
      "RemoteSha": "0.2.5.1",
      "Hash": "2f069f3f42847231aef7baa49bed97b0"
    },
    "cachem": {
      "Package": "cachem",
      "Version": "1.0.5",
      "Source": "CRAN",
      "Repository": "CRAN",
      "RemoteType": "standard",
      "RemotePkgRef": "cachem",
      "RemoteRef": "cachem",
      "RemoteRepos": "https://packagemanager.rstudio.com/all/latest",
      "RemotePkgPlatform": "windows",
      "RemoteSha": "1.0.5",
      "Hash": "5346f76a33eb7417812c270b04a5581b"
    },
    "checkmate": {
      "Package": "checkmate",
      "Version": "2.0.0",
      "Source": "CRAN",
      "Repository": "CRAN",
      "RemoteType": "standard",
      "RemotePkgRef": "checkmate",
      "RemoteRef": "checkmate",
      "RemoteRepos": "https://packagemanager.rstudio.com/all/latest",
      "RemotePkgPlatform": "windows",
      "RemoteSha": "2.0.0",
      "Hash": "a667800d5f0350371bedeb8b8b950289"
    },
    "cli": {
      "Package": "cli",
      "Version": "3.0.1",
      "Source": "Repository",
      "Repository": "CRAN",
      "Hash": "e3ae5d68dea0c55a12ea12a9fda02e61"
    },
    "commonmark": {
      "Package": "commonmark",
      "Version": "1.7",
      "Source": "CRAN",
      "Repository": "CRAN",
      "RemoteType": "standard",
      "RemotePkgRef": "commonmark",
      "RemoteRef": "commonmark",
      "RemoteRepos": "https://packagemanager.rstudio.com/all/latest",
      "RemotePkgPlatform": "windows",
      "RemoteSha": "1.7",
      "Hash": "0f22be39ec1d141fd03683c06f3a6e67"
    },
    "cpp11": {
      "Package": "cpp11",
      "Version": "0.3.1",
      "Source": "Repository",
      "Repository": "CRAN",
      "Hash": "e02edab2bc389c5e4b12949b13df44f2"
    },
    "crayon": {
      "Package": "crayon",
      "Version": "1.4.1",
      "Source": "CRAN",
      "Repository": "CRAN",
      "RemoteType": "standard",
      "RemotePkgRef": "crayon",
      "RemoteRef": "crayon",
      "RemoteRepos": "https://packagemanager.rstudio.com/all/latest",
      "RemotePkgPlatform": "windows",
      "RemoteSha": "1.4.1",
      "Hash": "e75525c55c70e5f4f78c9960a4b402e9"
    },
    "crosstalk": {
      "Package": "crosstalk",
      "Version": "1.1.1",
      "Source": "CRAN",
      "Repository": "CRAN",
      "RemoteType": "standard",
      "RemotePkgRef": "crosstalk",
      "RemoteRef": "crosstalk",
      "RemoteRepos": "https://packagemanager.rstudio.com/all/latest",
      "RemotePkgPlatform": "windows",
      "RemoteSha": "1.1.1",
      "Hash": "2b06f9e415a62b6762e4b8098d2aecbc"
    },
    "curl": {
      "Package": "curl",
      "Version": "4.3.2",
      "Source": "CRAN",
      "Repository": "CRAN",
      "RemoteType": "standard",
      "RemotePkgRef": "curl",
      "RemoteRef": "curl",
      "RemoteRepos": "https://cran.rstudio.com/",
      "RemotePkgPlatform": "source",
      "RemoteSha": "4.3.2",
      "Hash": "022c42d49c28e95d69ca60446dbabf88"
    },
    "data.table": {
      "Package": "data.table",
      "Version": "1.14.0",
      "Source": "CRAN",
      "Repository": "CRAN",
      "RemoteType": "standard",
      "RemotePkgRef": "data.table",
      "RemoteRef": "data.table",
      "RemoteRepos": "https://packagemanager.rstudio.com/all/latest",
      "RemotePkgPlatform": "windows",
      "RemoteSha": "1.14.0",
      "Hash": "d1b8b1a821ee564a3515fa6c6d5c52dc"
    },
    "digest": {
      "Package": "digest",
      "Version": "0.6.27",
      "Source": "CRAN",
      "Repository": "CRAN",
      "RemoteType": "standard",
      "RemotePkgRef": "digest",
      "RemoteRef": "digest",
      "RemoteRepos": "https://packagemanager.rstudio.com/all/latest",
      "RemotePkgPlatform": "windows",
      "RemoteSha": "0.6.27",
      "Hash": "a0cbe758a531d054b537d16dff4d58a1"
    },
    "dplyr": {
      "Package": "dplyr",
      "Version": "1.0.7",
      "Source": "CRAN",
      "Repository": "CRAN",
      "RemoteType": "standard",
      "RemotePkgRef": "dplyr",
      "RemoteRef": "dplyr",
      "RemoteRepos": "https://cran.rstudio.com/",
      "RemotePkgPlatform": "windows",
      "RemoteSha": "1.0.7",
      "Hash": "36f1ae62f026c8ba9f9b5c9a08c03297"
    },
    "ellipsis": {
      "Package": "ellipsis",
      "Version": "0.3.2",
      "Source": "CRAN",
      "Repository": "CRAN",
      "RemoteType": "standard",
      "RemotePkgRef": "ellipsis",
      "RemoteRef": "ellipsis",
      "RemoteRepos": "https://packagemanager.rstudio.com/all/latest",
      "RemotePkgPlatform": "windows",
      "RemoteSha": "0.3.2",
      "Hash": "bb0eec2fe32e88d9e2836c2f73ea2077"
    },
    "fansi": {
      "Package": "fansi",
      "Version": "0.5.0",
      "Source": "CRAN",
      "Repository": "CRAN",
      "RemoteType": "standard",
      "RemotePkgRef": "fansi",
      "RemoteRef": "fansi",
      "RemoteRepos": "https://packagemanager.rstudio.com/all/latest",
      "RemotePkgPlatform": "windows",
      "RemoteSha": "0.5.0",
      "Hash": "d447b40982c576a72b779f0a3b3da227"
    },
    "fastmap": {
      "Package": "fastmap",
      "Version": "1.1.0",
      "Source": "CRAN",
      "Repository": "CRAN",
      "RemoteType": "standard",
      "RemotePkgRef": "fastmap",
      "RemoteRef": "fastmap",
      "RemoteRepos": "https://packagemanager.rstudio.com/all/latest",
      "RemotePkgPlatform": "windows",
      "RemoteSha": "1.1.0",
      "Hash": "77bd60a6157420d4ffa93b27cf6a58b8"
    },
    "ffscrapr": {
      "Package": "ffscrapr",
      "Version": "1.4.6.05",
      "Source": "GitHub",
      "RemoteType": "github",
      "RemoteHost": "api.github.com",
      "RemoteRepo": "ffscrapr",
      "RemoteUsername": "ffverse",
      "RemoteRef": "dev",
      "RemoteSha": "8c1bc2c16f9d0c9581f893ac7ebdd1df611f4573",
      "Hash": "c3494bd6bc7d9d2166e9f0adc6e24dfe"
    },
    "fresh": {
      "Package": "fresh",
      "Version": "0.2.0",
      "Source": "CRAN",
      "Repository": "CRAN",
      "RemoteType": "standard",
      "RemotePkgRef": "fresh",
      "RemoteRef": "fresh",
      "RemoteRepos": "https://packagemanager.rstudio.com/all/latest",
      "RemotePkgPlatform": "windows",
      "RemoteSha": "0.2.0",
      "Hash": "fa54367040deb4537da49b7ac0ee5770"
    },
    "fs": {
      "Package": "fs",
      "Version": "1.5.0",
      "Source": "CRAN",
      "Repository": "CRAN",
      "RemoteType": "standard",
      "RemotePkgRef": "fs",
      "RemoteRef": "fs",
      "RemoteRepos": "https://packagemanager.rstudio.com/all/latest",
      "RemotePkgPlatform": "windows",
      "RemoteSha": "1.5.0",
      "Hash": "44594a07a42e5f91fac9f93fda6d0109"
    },
    "generics": {
      "Package": "generics",
      "Version": "0.1.0",
      "Source": "CRAN",
      "Repository": "CRAN",
      "RemoteType": "standard",
      "RemotePkgRef": "generics",
      "RemoteRef": "generics",
      "RemoteRepos": "https://packagemanager.rstudio.com/all/latest",
      "RemotePkgPlatform": "windows",
      "RemoteSha": "0.1.0",
      "Hash": "4d243a9c10b00589889fe32314ffd902"
    },
    "glue": {
      "Package": "glue",
      "Version": "1.4.2",
      "Source": "CRAN",
      "Repository": "CRAN",
      "RemoteType": "standard",
      "RemotePkgRef": "glue",
      "RemoteRef": "glue",
      "RemoteRepos": "https://packagemanager.rstudio.com/all/latest",
      "RemotePkgPlatform": "windows",
      "RemoteSha": "1.4.2",
      "Hash": "6efd734b14c6471cfe443345f3e35e29"
    },
    "htmltools": {
      "Package": "htmltools",
      "Version": "0.5.1.1",
      "Source": "CRAN",
      "Repository": "CRAN",
      "RemoteType": "standard",
      "RemotePkgRef": "htmltools",
      "RemoteRef": "htmltools",
      "RemoteRepos": "https://packagemanager.rstudio.com/all/latest",
      "RemotePkgPlatform": "windows",
      "RemoteSha": "0.5.1.1",
      "Hash": "af2c2531e55df5cf230c4b5444fc973c"
    },
    "htmlwidgets": {
      "Package": "htmlwidgets",
      "Version": "1.5.3",
      "Source": "CRAN",
      "Repository": "CRAN",
      "RemoteType": "standard",
      "RemotePkgRef": "htmlwidgets",
      "RemoteRef": "htmlwidgets",
      "RemoteRepos": "https://packagemanager.rstudio.com/all/latest",
      "RemotePkgPlatform": "windows",
      "RemoteSha": "1.5.3",
      "Hash": "6fdaa86d0700f8b3e92ee3c445a5a10d"
    },
    "httpuv": {
      "Package": "httpuv",
      "Version": "1.6.1",
      "Source": "CRAN",
      "Repository": "CRAN",
      "RemoteType": "standard",
      "RemotePkgRef": "httpuv",
      "RemoteRef": "httpuv",
      "RemoteRepos": "https://packagemanager.rstudio.com/all/latest",
      "RemotePkgPlatform": "windows",
      "RemoteSha": "1.6.1",
      "Hash": "54344a78aae37bc6ef39b1240969df8e"
    },
    "httr": {
      "Package": "httr",
      "Version": "1.4.2",
      "Source": "CRAN",
      "Repository": "CRAN",
      "RemoteType": "standard",
      "RemotePkgRef": "httr",
      "RemoteRef": "httr",
      "RemoteRepos": "https://packagemanager.rstudio.com/all/latest",
      "RemotePkgPlatform": "windows",
      "RemoteSha": "1.4.2",
      "Hash": "a525aba14184fec243f9eaec62fbed43"
    },
    "jquerylib": {
      "Package": "jquerylib",
      "Version": "0.1.4",
      "Source": "CRAN",
      "Repository": "CRAN",
      "RemoteType": "standard",
      "RemotePkgRef": "jquerylib",
      "RemoteRef": "jquerylib",
      "RemoteRepos": "https://packagemanager.rstudio.com/all/latest",
      "RemotePkgPlatform": "windows",
      "RemoteSha": "0.1.4",
      "Hash": "5aab57a3bd297eee1c1d862735972182"
    },
    "jsonlite": {
      "Package": "jsonlite",
      "Version": "1.7.2",
      "Source": "CRAN",
      "Repository": "CRAN",
      "RemoteType": "standard",
      "RemotePkgRef": "jsonlite",
      "RemoteRef": "jsonlite",
      "RemoteRepos": "https://packagemanager.rstudio.com/all/latest",
      "RemotePkgPlatform": "windows",
      "RemoteSha": "1.7.2",
      "Hash": "98138e0994d41508c7a6b84a0600cfcb"
    },
    "later": {
      "Package": "later",
      "Version": "1.2.0",
      "Source": "CRAN",
      "Repository": "CRAN",
      "RemoteType": "standard",
      "RemotePkgRef": "later",
      "RemoteRef": "later",
      "RemoteRepos": "https://packagemanager.rstudio.com/all/latest",
      "RemotePkgPlatform": "windows",
      "RemoteSha": "1.2.0",
      "Hash": "b61890ae77fea19fc8acadd25db70aa4"
    },
    "lazyeval": {
      "Package": "lazyeval",
      "Version": "0.2.2",
      "Source": "CRAN",
      "Repository": "CRAN",
      "RemoteType": "standard",
      "RemotePkgRef": "lazyeval",
      "RemoteRef": "lazyeval",
      "RemoteRepos": "https://packagemanager.rstudio.com/all/latest",
      "RemotePkgPlatform": "windows",
      "RemoteSha": "0.2.2",
      "Hash": "d908914ae53b04d4c0c0fd72ecc35370"
    },
    "lifecycle": {
      "Package": "lifecycle",
      "Version": "1.0.1",
      "Source": "Repository",
      "Repository": "CRAN",
      "Hash": "a6b6d352e3ed897373ab19d8395c98d0"
    },
    "magrittr": {
      "Package": "magrittr",
      "Version": "2.0.1",
      "Source": "CRAN",
      "Repository": "CRAN",
      "RemoteType": "standard",
      "RemotePkgRef": "magrittr",
      "RemoteRef": "magrittr",
      "RemoteRepos": "https://packagemanager.rstudio.com/all/latest",
      "RemotePkgPlatform": "windows",
      "RemoteSha": "2.0.1",
      "Hash": "41287f1ac7d28a92f0a286ed507928d3"
    },
    "memoise": {
      "Package": "memoise",
      "Version": "2.0.0",
      "Source": "CRAN",
      "Repository": "CRAN",
      "RemoteType": "standard",
      "RemotePkgRef": "memoise",
      "RemoteRef": "memoise",
      "RemoteRepos": "https://packagemanager.rstudio.com/all/latest",
      "RemotePkgPlatform": "windows",
      "RemoteSha": "2.0.0",
      "Hash": "a0bc51650201a56d00a4798523cc91b3"
    },
    "mime": {
      "Package": "mime",
      "Version": "0.12",
      "Source": "Repository",
      "Repository": "CRAN",
      "Hash": "18e9c28c1d3ca1560ce30658b22ce104"
    },
    "nflreadr": {
      "Package": "nflreadr",
      "Version": "1.1.1.00",
      "Source": "GitHub",
      "RemoteType": "github",
      "RemoteHost": "api.github.com",
      "RemoteRepo": "nflreadr",
      "RemoteUsername": "nflverse",
      "RemotePkgRef": "nflverse/nflreadr",
      "RemoteRef": "HEAD",
      "RemoteSha": "e1df45341155a57b719ab68d6accd72306d4d94b",
      "Hash": "ae9f20b260ae845384853af31c8c8557"
    },
    "openssl": {
      "Package": "openssl",
      "Version": "1.4.5",
      "Source": "Repository",
      "Repository": "CRAN",
      "Hash": "5406fd37ef0bf9b88c8a4f264d6ec220"
    },
    "pillar": {
      "Package": "pillar",
      "Version": "1.6.1",
      "Source": "CRAN",
      "Repository": "CRAN",
      "RemoteType": "standard",
      "RemotePkgRef": "pillar",
      "RemoteRef": "pillar",
      "RemoteRepos": "https://packagemanager.rstudio.com/all/latest",
      "RemotePkgPlatform": "windows",
      "RemoteSha": "1.6.1",
      "Hash": "8672ae02bd20f6479bce2d06c7ff1401"
    },
    "pkgconfig": {
      "Package": "pkgconfig",
      "Version": "2.0.3",
      "Source": "CRAN",
      "Repository": "CRAN",
      "RemoteType": "standard",
      "RemotePkgRef": "pkgconfig",
      "RemoteRef": "pkgconfig",
      "RemoteRepos": "https://packagemanager.rstudio.com/all/latest",
      "RemotePkgPlatform": "windows",
      "RemoteSha": "2.0.3",
      "Hash": "01f28d4278f15c76cddbea05899c5d6f"
    },
    "promises": {
      "Package": "promises",
      "Version": "1.2.0.1",
      "Source": "CRAN",
      "Repository": "CRAN",
      "RemoteType": "standard",
      "RemotePkgRef": "promises",
      "RemoteRef": "promises",
      "RemoteRepos": "https://packagemanager.rstudio.com/all/latest",
      "RemotePkgPlatform": "windows",
      "RemoteSha": "1.2.0.1",
      "Hash": "4ab2c43adb4d4699cf3690acd378d75d"
    },
    "purrr": {
      "Package": "purrr",
      "Version": "0.3.4",
      "Source": "CRAN",
      "Repository": "CRAN",
      "RemoteType": "standard",
      "RemotePkgRef": "purrr",
      "RemoteRef": "purrr",
      "RemoteRepos": "https://packagemanager.rstudio.com/all/latest",
      "RemotePkgPlatform": "windows",
      "RemoteSha": "0.3.4",
      "Hash": "97def703420c8ab10d8f0e6c72101e02"
    },
    "qs": {
      "Package": "qs",
      "Version": "0.24.1",
      "Source": "CRAN",
      "Repository": "CRAN",
      "RemoteType": "standard",
      "RemotePkgRef": "qs",
      "RemoteRef": "qs",
      "RemoteRepos": "https://packagemanager.rstudio.com/all/latest",
      "RemotePkgPlatform": "windows",
      "RemoteSha": "0.24.1",
      "Hash": "ae3d3cf661d0357973e8d24076efe937"
    },
    "rappdirs": {
      "Package": "rappdirs",
      "Version": "0.3.3",
      "Source": "CRAN",
      "Repository": "CRAN",
      "RemoteType": "standard",
      "RemotePkgRef": "rappdirs",
      "RemoteRef": "rappdirs",
      "RemoteRepos": "https://packagemanager.rstudio.com/all/latest",
      "RemotePkgPlatform": "windows",
      "RemoteSha": "0.3.3",
      "Hash": "5e3c5dc0b071b21fa128676560dbe94d"
    },
    "ratelimitr": {
      "Package": "ratelimitr",
      "Version": "0.4.1",
      "Source": "CRAN",
      "Repository": "CRAN",
      "RemoteType": "standard",
      "RemotePkgRef": "ratelimitr",
      "RemoteRef": "ratelimitr",
      "RemoteRepos": "https://packagemanager.rstudio.com/all/latest",
      "RemotePkgPlatform": "windows",
      "RemoteSha": "0.4.1",
      "Hash": "4b0980d0fba83d6a50e2656cb51d7a5f"
    },
    "renv": {
      "Package": "renv",
      "Version": "0.13.2",
      "Source": "CRAN",
      "Repository": "CRAN",
      "RemoteType": "standard",
      "RemotePkgRef": "renv",
      "RemoteRef": "renv",
      "RemoteRepos": "https://packagemanager.rstudio.com/all/latest",
      "RemotePkgPlatform": "windows",
      "RemoteSha": "0.13.2",
      "Hash": "079cb1f03ff972b30401ed05623cbe92"
    },
    "rlang": {
      "Package": "rlang",
      "Version": "0.4.11",
      "Source": "CRAN",
      "Repository": "CRAN",
      "RemoteType": "standard",
      "RemotePkgRef": "rlang",
      "RemoteRef": "rlang",
      "RemoteRepos": "https://packagemanager.rstudio.com/all/latest",
      "RemotePkgPlatform": "windows",
      "RemoteSha": "0.4.11",
      "Hash": "515f341d3affe0de9e4a7f762efb0456"
    },
    "rstudioapi": {
      "Package": "rstudioapi",
      "Version": "0.13",
      "Source": "CRAN",
      "Repository": "CRAN",
      "RemoteType": "standard",
      "RemotePkgRef": "rstudioapi",
      "RemoteRef": "rstudioapi",
      "RemoteRepos": "https://packagemanager.rstudio.com/all/latest",
      "RemotePkgPlatform": "windows",
      "RemoteSha": "0.13",
      "Hash": "06c85365a03fdaf699966cc1d3cf53ea"
    },
    "sass": {
      "Package": "sass",
      "Version": "0.4.0",
      "Source": "Repository",
      "Repository": "CRAN",
      "Hash": "50cf822feb64bb3977bda0b7091be623"
    },
    "shiny": {
      "Package": "shiny",
      "Version": "1.6.0",
      "Source": "CRAN",
      "Repository": "CRAN",
      "RemoteType": "standard",
      "RemotePkgRef": "shiny",
      "RemoteRef": "shiny",
      "RemoteRepos": "https://packagemanager.rstudio.com/all/latest",
      "RemotePkgPlatform": "windows",
      "RemoteSha": "1.6.0",
      "Hash": "6e3b6ae7fe02b5859e4bb277f218b8ae"
    },
    "shinyWidgets": {
      "Package": "shinyWidgets",
      "Version": "0.6.0",
      "Source": "CRAN",
      "Repository": "CRAN",
      "RemoteType": "standard",
      "RemotePkgRef": "shinyWidgets",
      "RemoteRef": "shinyWidgets",
      "RemoteRepos": "https://packagemanager.rstudio.com/all/latest",
      "RemotePkgPlatform": "windows",
      "RemoteSha": "0.6.0",
      "Hash": "7dd5f3ee96c64a47fdbc6e437ff1c7e1"
    },
    "shinyjs": {
      "Package": "shinyjs",
      "Version": "2.0.0",
      "Source": "CRAN",
      "Repository": "CRAN",
      "RemoteType": "standard",
      "RemotePkgRef": "shinyjs",
      "RemoteRef": "shinyjs",
      "RemoteRepos": "https://packagemanager.rstudio.com/all/latest",
      "RemotePkgPlatform": "windows",
      "RemoteSha": "2.0.0",
      "Hash": "9ddfc91d4280eaa34c2103951538976f"
    },
    "sourcetools": {
      "Package": "sourcetools",
      "Version": "0.1.7",
      "Source": "CRAN",
      "Repository": "CRAN",
      "RemoteType": "standard",
      "RemotePkgRef": "sourcetools",
      "RemoteRef": "sourcetools",
      "RemoteRepos": "https://packagemanager.rstudio.com/all/latest",
      "RemotePkgPlatform": "windows",
      "RemoteSha": "0.1.7",
      "Hash": "947e4e02a79effa5d512473e10f41797"
    },
    "stringfish": {
      "Package": "stringfish",
      "Version": "0.15.1",
      "Source": "CRAN",
      "Repository": "CRAN",
      "RemoteType": "standard",
      "RemotePkgRef": "stringfish",
      "RemoteRef": "stringfish",
      "RemoteRepos": "https://packagemanager.rstudio.com/all/latest",
      "RemotePkgPlatform": "windows",
      "RemoteSha": "0.15.1",
      "Hash": "339e60ca7a6bd8bff091cb9f77dd4412"
    },
    "stringi": {
      "Package": "stringi",
      "Version": "1.6.2",
      "Source": "CRAN",
      "Repository": "CRAN",
      "RemoteType": "standard",
      "RemotePkgRef": "stringi",
      "RemoteRef": "stringi",
      "RemoteRepos": "https://packagemanager.rstudio.com/all/latest",
      "RemotePkgPlatform": "windows",
      "RemoteSha": "1.6.2",
      "Hash": "9df5e6f9a7fa11b84adf0429961de66a"
    },
    "stringr": {
      "Package": "stringr",
      "Version": "1.4.0",
      "Source": "CRAN",
      "Repository": "CRAN",
      "RemoteType": "standard",
      "RemotePkgRef": "stringr",
      "RemoteRef": "stringr",
      "RemoteRepos": "https://packagemanager.rstudio.com/all/latest",
      "RemotePkgPlatform": "windows",
      "RemoteSha": "1.4.0",
      "Hash": "0759e6b6c0957edb1311028a49a35e76"
    },
    "sys": {
      "Package": "sys",
      "Version": "3.4",
      "Source": "CRAN",
      "Repository": "CRAN",
      "RemoteType": "standard",
      "RemotePkgRef": "sys",
      "RemoteRef": "sys",
      "RemoteRepos": "https://packagemanager.rstudio.com/all/latest",
      "RemotePkgPlatform": "windows",
      "RemoteSha": "3.4",
      "Hash": "b227d13e29222b4574486cfcbde077fa"
    },
    "tibble": {
      "Package": "tibble",
      "Version": "3.1.2",
      "Source": "CRAN",
      "Repository": "CRAN",
      "RemoteType": "standard",
      "RemotePkgRef": "tibble",
      "RemoteRef": "tibble",
      "RemoteRepos": "https://packagemanager.rstudio.com/all/latest",
      "RemotePkgPlatform": "windows",
      "RemoteSha": "3.1.2",
      "Hash": "349b40a9f144516d537c875e786ec8b8"
    },
    "tidyr": {
      "Package": "tidyr",
      "Version": "1.1.3",
      "Source": "CRAN",
      "Repository": "CRAN",
      "RemoteType": "standard",
      "RemotePkgRef": "tidyr",
      "RemoteRef": "tidyr",
      "RemoteRepos": "https://packagemanager.rstudio.com/all/latest",
      "RemotePkgPlatform": "windows",
      "RemoteSha": "1.1.3",
      "Hash": "450d7dfaedde58e28586b854eeece4fa"
    },
    "tidyselect": {
      "Package": "tidyselect",
      "Version": "1.1.1",
      "Source": "CRAN",
      "Repository": "CRAN",
      "RemoteType": "standard",
      "RemotePkgRef": "tidyselect",
      "RemoteRef": "tidyselect",
      "RemoteRepos": "https://packagemanager.rstudio.com/all/latest",
      "RemotePkgPlatform": "windows",
      "RemoteSha": "1.1.1",
      "Hash": "7243004a708d06d4716717fa1ff5b2fe"
    },
    "utf8": {
      "Package": "utf8",
      "Version": "1.2.1",
      "Source": "CRAN",
      "Repository": "CRAN",
      "RemoteType": "standard",
      "RemotePkgRef": "utf8",
      "RemoteRef": "utf8",
      "RemoteRepos": "https://packagemanager.rstudio.com/all/latest",
      "RemotePkgPlatform": "windows",
      "RemoteSha": "1.2.1",
      "Hash": "c3ad47dc6da0751f18ed53c4613e3ac7"
    },
    "vctrs": {
      "Package": "vctrs",
      "Version": "0.3.8",
      "Source": "CRAN",
      "Repository": "CRAN",
      "RemoteType": "standard",
      "RemotePkgRef": "vctrs",
      "RemoteRef": "vctrs",
      "RemoteRepos": "https://packagemanager.rstudio.com/all/latest",
      "RemotePkgPlatform": "windows",
      "RemoteSha": "0.3.8",
      "Hash": "ecf749a1b39ea72bd9b51b76292261f1"
    },
    "waiter": {
      "Package": "waiter",
      "Version": "0.2.3",
      "Source": "Repository",
      "Repository": "CRAN",
      "Hash": "30b15e2b6a0abc1e67bb468d9d851071"
    },
    "withr": {
      "Package": "withr",
      "Version": "2.4.2",
      "Source": "CRAN",
      "Repository": "CRAN",
      "RemoteType": "standard",
      "RemotePkgRef": "withr",
      "RemoteRef": "withr",
      "RemoteRepos": "https://packagemanager.rstudio.com/all/latest",
      "RemotePkgPlatform": "windows",
      "RemoteSha": "2.4.2",
      "Hash": "ad03909b44677f930fa156d47d7a3aeb"
    },
    "writexl": {
      "Package": "writexl",
      "Version": "1.4.0",
      "Source": "CRAN",
      "Repository": "CRAN",
      "RemoteType": "standard",
      "RemotePkgRef": "writexl",
      "RemoteRef": "writexl",
      "RemoteRepos": "https://packagemanager.rstudio.com/all/latest",
      "RemotePkgPlatform": "windows",
      "RemoteSha": "1.4.0",
      "Hash": "edd181b6e10c87497db16d1f8c0d4ed5"
    },
    "xtable": {
      "Package": "xtable",
      "Version": "1.8-4",
      "Source": "CRAN",
      "Repository": "CRAN",
      "RemoteType": "standard",
      "RemotePkgRef": "xtable",
      "RemoteRef": "xtable",
      "RemoteRepos": "https://packagemanager.rstudio.com/all/latest",
      "RemotePkgPlatform": "windows",
      "RemoteSha": "1.8-4",
      "Hash": "b8acdf8af494d9ec19ccb2481a9b11c2"
    },
    "yaml": {
      "Package": "yaml",
      "Version": "2.2.1",
      "Source": "CRAN",
      "Repository": "CRAN",
      "RemoteType": "standard",
      "RemotePkgRef": "yaml",
      "RemoteRef": "yaml",
      "RemoteRepos": "https://packagemanager.rstudio.com/all/latest",
      "RemotePkgPlatform": "windows",
      "RemoteSha": "2.2.1",
      "Hash": "2826c5d9efb0a88f657c7a679c7106db"
    }
  }
}
